// !$*UTF8*$!
{
	archiveVersion = 1;
	classes = {
	};
	objectVersion = 55;
	objects = {

/* Begin PBXBuildFile section */
		5FB73B60277BA5360039D27F /* ToDoAppMongoDBApp.swift in Sources */ = {isa = PBXBuildFile; fileRef = 5FB73B5F277BA5360039D27F /* ToDoAppMongoDBApp.swift */; };
		5FB73B62277BA5360039D27F /* ContentView.swift in Sources */ = {isa = PBXBuildFile; fileRef = 5FB73B61277BA5360039D27F /* ContentView.swift */; };
		5FB73B64277BA5370039D27F /* Assets.xcassets in Resources */ = {isa = PBXBuildFile; fileRef = 5FB73B63277BA5370039D27F /* Assets.xcassets */; };
		5FB73B67277BA5370039D27F /* Preview Assets.xcassets in Resources */ = {isa = PBXBuildFile; fileRef = 5FB73B66277BA5370039D27F /* Preview Assets.xcassets */; };
		5FB73B70277BA5FD0039D27F /* TaskView.swift in Sources */ = {isa = PBXBuildFile; fileRef = 5FB73B6F277BA5FD0039D27F /* TaskView.swift */; };
		5FB73B73277BA64F0039D27F /* File.swift in Sources */ = {isa = PBXBuildFile; fileRef = 5FB73B72277BA64F0039D27F /* File.swift */; };
		5FB73B76277BA73C0039D27F /* TaskRow.swift in Sources */ = {isa = PBXBuildFile; fileRef = 5FB73B75277BA73C0039D27F /* TaskRow.swift */; };
		5FB73B78277BA7D40039D27F /* AddTaskView.swift in Sources */ = {isa = PBXBuildFile; fileRef = 5FB73B77277BA7D40039D27F /* AddTaskView.swift */; };
		5FB73B7A277BA8EF0039D27F /* SmallAddButton.swift in Sources */ = {isa = PBXBuildFile; fileRef = 5FB73B79277BA8EF0039D27F /* SmallAddButton.swift */; };
		5FB73B7D277BAC110039D27F /* Realm in Frameworks */ = {isa = PBXBuildFile; productRef = 5FB73B7C277BAC110039D27F /* Realm */; };
		5FB73B7F277BAC110039D27F /* RealmSwift in Frameworks */ = {isa = PBXBuildFile; productRef = 5FB73B7E277BAC110039D27F /* RealmSwift */; };
		5FB73B81277BAC280039D27F /* RealmManager.swift in Sources */ = {isa = PBXBuildFile; fileRef = 5FB73B80277BAC280039D27F /* RealmManager.swift */; };
		5FB73B83277BACE90039D27F /* Task.swift in Sources */ = {isa = PBXBuildFile; fileRef = 5FB73B82277BACE90039D27F /* Task.swift */; };
/* End PBXBuildFile section */

/* Begin PBXFileReference section */
		5FB73B5C277BA5360039D27F /* ToDoAppMongoDB.app */ = {isa = PBXFileReference; explicitFileType = wrapper.application; includeInIndex = 0; path = ToDoAppMongoDB.app; sourceTree = BUILT_PRODUCTS_DIR; };
		5FB73B5F277BA5360039D27F /* ToDoAppMongoDBApp.swift */ = {isa = PBXFileReference; lastKnownFileType = sourcecode.swift; path = ToDoAppMongoDBApp.swift; sourceTree = "<group>"; };
		5FB73B61277BA5360039D27F /* ContentView.swift */ = {isa = PBXFileReference; lastKnownFileType = sourcecode.swift; path = ContentView.swift; sourceTree = "<group>"; };
		5FB73B63277BA5370039D27F /* Assets.xcassets */ = {isa = PBXFileReference; lastKnownFileType = folder.assetcatalog; path = Assets.xcassets; sourceTree = "<group>"; };
		5FB73B66277BA5370039D27F /* Preview Assets.xcassets */ = {isa = PBXFileReference; lastKnownFileType = folder.assetcatalog; path = "Preview Assets.xcassets"; sourceTree = "<group>"; };
		5FB73B6F277BA5FD0039D27F /* TaskView.swift */ = {isa = PBXFileReference; lastKnownFileType = sourcecode.swift; path = TaskView.swift; sourceTree = "<group>"; };
		5FB73B72277BA64F0039D27F /* File.swift */ = {isa = PBXFileReference; lastKnownFileType = sourcecode.swift; path = File.swift; sourceTree = "<group>"; };
		5FB73B75277BA73C0039D27F /* TaskRow.swift */ = {isa = PBXFileReference; lastKnownFileType = sourcecode.swift; path = TaskRow.swift; sourceTree = "<group>"; };
		5FB73B77277BA7D40039D27F /* AddTaskView.swift */ = {isa = PBXFileReference; lastKnownFileType = sourcecode.swift; path = AddTaskView.swift; sourceTree = "<group>"; };
		5FB73B79277BA8EF0039D27F /* SmallAddButton.swift */ = {isa = PBXFileReference; lastKnownFileType = sourcecode.swift; path = SmallAddButton.swift; sourceTree = "<group>"; };
		5FB73B80277BAC280039D27F /* RealmManager.swift */ = {isa = PBXFileReference; lastKnownFileType = sourcecode.swift; path = RealmManager.swift; sourceTree = "<group>"; };
		5FB73B82277BACE90039D27F /* Task.swift */ = {isa = PBXFileReference; lastKnownFileType = sourcecode.swift; path = Task.swift; sourceTree = "<group>"; };
/* End PBXFileReference section */

/* Begin PBXFrameworksBuildPhase section */
		5FB73B59277BA5360039D27F /* Frameworks */ = {
			isa = PBXFrameworksBuildPhase;
			buildActionMask = 2147483647;
			files = (
				5FB73B7F277BAC110039D27F /* RealmSwift in Frameworks */,
				5FB73B7D277BAC110039D27F /* Realm in Frameworks */,
			);
			runOnlyForDeploymentPostprocessing = 0;
		};
/* End PBXFrameworksBuildPhase section */

/* Begin PBXGroup section */
		5FB73B53277BA5360039D27F = {
			isa = PBXGroup;
			children = (
				5FB73B5E277BA5360039D27F /* ToDoAppMongoDB */,
				5FB73B5D277BA5360039D27F /* Products */,
			);
			sourceTree = "<group>";
		};
		5FB73B5D277BA5360039D27F /* Products */ = {
			isa = PBXGroup;
			children = (
				5FB73B5C277BA5360039D27F /* ToDoAppMongoDB.app */,
			);
			name = Products;
			sourceTree = "<group>";
		};
		5FB73B5E277BA5360039D27F /* ToDoAppMongoDB */ = {
			isa = PBXGroup;
			children = (
				5FB73B84277BB7330039D27F /* Manager */,
				5FB73B74277BA7290039D27F /* Component */,
				5FB73B71277BA6480039D27F /* Const */,
				5FB73B6E277BA5E30039D27F /* View */,
				5FB73B6D277BA5DD0039D27F /* App */,
				5FB73B63277BA5370039D27F /* Assets.xcassets */,
				5FB73B65277BA5370039D27F /* Preview Content */,
			);
			path = ToDoAppMongoDB;
			sourceTree = "<group>";
		};
		5FB73B65277BA5370039D27F /* Preview Content */ = {
			isa = PBXGroup;
			children = (
				5FB73B66277BA5370039D27F /* Preview Assets.xcassets */,
			);
			path = "Preview Content";
			sourceTree = "<group>";
		};
		5FB73B6D277BA5DD0039D27F /* App */ = {
			isa = PBXGroup;
			children = (
				5FB73B5F277BA5360039D27F /* ToDoAppMongoDBApp.swift */,
			);
			path = App;
			sourceTree = "<group>";
		};
		5FB73B6E277BA5E30039D27F /* View */ = {
			isa = PBXGroup;
			children = (
				5FB73B61277BA5360039D27F /* ContentView.swift */,
				5FB73B6F277BA5FD0039D27F /* TaskView.swift */,
				5FB73B77277BA7D40039D27F /* AddTaskView.swift */,
				5FB73B79277BA8EF0039D27F /* SmallAddButton.swift */,
			);
			path = View;
			sourceTree = "<group>";
		};
		5FB73B71277BA6480039D27F /* Const */ = {
			isa = PBXGroup;
			children = (
				5FB73B72277BA64F0039D27F /* File.swift */,
			);
			path = Const;
			sourceTree = "<group>";
		};
		5FB73B74277BA7290039D27F /* Component */ = {
			isa = PBXGroup;
			children = (
				5FB73B75277BA73C0039D27F /* TaskRow.swift */,
			);
			path = Component;
			sourceTree = "<group>";
		};
		5FB73B84277BB7330039D27F /* Manager */ = {
			isa = PBXGroup;
			children = (
				5FB73B80277BAC280039D27F /* RealmManager.swift */,
				5FB73B82277BACE90039D27F /* Task.swift */,
			);
			path = Manager;
			sourceTree = "<group>";
		};
/* End PBXGroup section */

/* Begin PBXNativeTarget section */
		5FB73B5B277BA5360039D27F /* ToDoAppMongoDB */ = {
			isa = PBXNativeTarget;
			buildConfigurationList = 5FB73B6A277BA5370039D27F /* Build configuration list for PBXNativeTarget "ToDoAppMongoDB" */;
			buildPhases = (
				5FB73B58277BA5360039D27F /* Sources */,
				5FB73B59277BA5360039D27F /* Frameworks */,
				5FB73B5A277BA5360039D27F /* Resources */,
			);
			buildRules = (
			);
			dependencies = (
			);
			name = ToDoAppMongoDB;
			packageProductDependencies = (
				5FB73B7C277BAC110039D27F /* Realm */,
				5FB73B7E277BAC110039D27F /* RealmSwift */,
			);
			productName = ToDoAppMongoDB;
			productReference = 5FB73B5C277BA5360039D27F /* ToDoAppMongoDB.app */;
			productType = "com.apple.product-type.application";
		};
/* End PBXNativeTarget section */

/* Begin PBXProject section */
		5FB73B54277BA5360039D27F /* Project object */ = {
			isa = PBXProject;
			attributes = {
				BuildIndependentTargetsInParallel = 1;
				LastSwiftUpdateCheck = 1320;
				LastUpgradeCheck = 1320;
				TargetAttributes = {
					5FB73B5B277BA5360039D27F = {
						CreatedOnToolsVersion = 13.2.1;
					};
				};
			};
			buildConfigurationList = 5FB73B57277BA5360039D27F /* Build configuration list for PBXProject "ToDoAppMongoDB" */;
			compatibilityVersion = "Xcode 13.0";
			developmentRegion = en;
			hasScannedForEncodings = 0;
			knownRegions = (
				en,
				Base,
			);
			mainGroup = 5FB73B53277BA5360039D27F;
			packageReferences = (
				5FB73B7B277BAC110039D27F /* XCRemoteSwiftPackageReference "realm-cocoa" */,
			);
			productRefGroup = 5FB73B5D277BA5360039D27F /* Products */;
			projectDirPath = "";
			projectRoot = "";
			targets = (
				5FB73B5B277BA5360039D27F /* ToDoAppMongoDB */,
			);
		};
/* End PBXProject section */

/* Begin PBXResourcesBuildPhase section */
		5FB73B5A277BA5360039D27F /* Resources */ = {
			isa = PBXResourcesBuildPhase;
			buildActionMask = 2147483647;
			files = (
				5FB73B67277BA5370039D27F /* Preview Assets.xcassets in Resources */,
				5FB73B64277BA5370039D27F /* Assets.xcassets in Resources */,
			);
			runOnlyForDeploymentPostprocessing = 0;
		};
/* End PBXResourcesBuildPhase section */

/* Begin PBXSourcesBuildPhase section */
		5FB73B58277BA5360039D27F /* Sources */ = {
			isa = PBXSourcesBuildPhase;
			buildActionMask = 2147483647;
			files = (
				5FB73B76277BA73C0039D27F /* TaskRow.swift in Sources */,
				5FB73B81277BAC280039D27F /* RealmManager.swift in Sources */,
				5FB73B70277BA5FD0039D27F /* TaskView.swift in Sources */,
				5FB73B73277BA64F0039D27F /* File.swift in Sources */,
				5FB73B78277BA7D40039D27F /* AddTaskView.swift in Sources */,
				5FB73B7A277BA8EF0039D27F /* SmallAddButton.swift in Sources */,
				5FB73B62277BA5360039D27F /* ContentView.swift in Sources */,
				5FB73B83277BACE90039D27F /* Task.swift in Sources */,
				5FB73B60277BA5360039D27F /* ToDoAppMongoDBApp.swift in Sources */,
			);
			runOnlyForDeploymentPostprocessing = 0;
		};
/* End PBXSourcesBuildPhase section */

/* Begin XCBuildConfiguration section */
		5FB73B68277BA5370039D27F /* Debug */ = {
			isa = XCBuildConfiguration;
			buildSettings = {
				ALWAYS_SEARCH_USER_PATHS = NO;
				CLANG_ANALYZER_NONNULL = YES;
				CLANG_ANALYZER_NUMBER_OBJECT_CONVERSION = YES_AGGRESSIVE;
				CLANG_CXX_LANGUAGE_STANDARD = "gnu++17";
				CLANG_CXX_LIBRARY = "libc++";
				CLANG_ENABLE_MODULES = YES;
				CLANG_ENABLE_OBJC_ARC = YES;
				CLANG_ENABLE_OBJC_WEAK = YES;
				CLANG_WARN_BLOCK_CAPTURE_AUTORELEASING = YES;
				CLANG_WARN_BOOL_CONVERSION = YES;
				CLANG_WARN_COMMA = YES;
				CLANG_WARN_CONSTANT_CONVERSION = YES;
				CLANG_WARN_DEPRECATED_OBJC_IMPLEMENTATIONS = YES;
				CLANG_WARN_DIRECT_OBJC_ISA_USAGE = YES_ERROR;
				CLANG_WARN_DOCUMENTATION_COMMENTS = YES;
				CLANG_WARN_EMPTY_BODY = YES;
				CLANG_WARN_ENUM_CONVERSION = YES;
				CLANG_WARN_INFINITE_RECURSION = YES;
				CLANG_WARN_INT_CONVERSION = YES;
				CLANG_WARN_NON_LITERAL_NULL_CONVERSION = YES;
				CLANG_WARN_OBJC_IMPLICIT_RETAIN_SELF = YES;
				CLANG_WARN_OBJC_LITERAL_CONVERSION = YES;
				CLANG_WARN_OBJC_ROOT_CLASS = YES_ERROR;
				CLANG_WARN_QUOTED_INCLUDE_IN_FRAMEWORK_HEADER = YES;
				CLANG_WARN_RANGE_LOOP_ANALYSIS = YES;
				CLANG_WARN_STRICT_PROTOTYPES = YES;
				CLANG_WARN_SUSPICIOUS_MOVE = YES;
				CLANG_WARN_UNGUARDED_AVAILABILITY = YES_AGGRESSIVE;
				CLANG_WARN_UNREACHABLE_CODE = YES;
				CLANG_WARN__DUPLICATE_METHOD_MATCH = YES;
				COPY_PHASE_STRIP = NO;
				DEBUG_INFORMATION_FORMAT = dwarf;
				ENABLE_STRICT_OBJC_MSGSEND = YES;
				ENABLE_TESTABILITY = YES;
				GCC_C_LANGUAGE_STANDARD = gnu11;
				GCC_DYNAMIC_NO_PIC = NO;
				GCC_NO_COMMON_BLOCKS = YES;
				GCC_OPTIMIZATION_LEVEL = 0;
				GCC_PREPROCESSOR_DEFINITIONS = (
					"DEBUG=1",
					"$(inherited)",
				);
				GCC_WARN_64_TO_32_BIT_CONVERSION = YES;
				GCC_WARN_ABOUT_RETURN_TYPE = YES_ERROR;
				GCC_WARN_UNDECLARED_SELECTOR = YES;
				GCC_WARN_UNINITIALIZED_AUTOS = YES_AGGRESSIVE;
				GCC_WARN_UNUSED_FUNCTION = YES;
				GCC_WARN_UNUSED_VARIABLE = YES;
				IPHONEOS_DEPLOYMENT_TARGET = 15.2;
				MTL_ENABLE_DEBUG_INFO = INCLUDE_SOURCE;
				MTL_FAST_MATH = YES;
				ONLY_ACTIVE_ARCH = YES;
				SDKROOT = iphoneos;
				SWIFT_ACTIVE_COMPILATION_CONDITIONS = DEBUG;
				SWIFT_OPTIMIZATION_LEVEL = "-Onone";
			};
			name = Debug;
		};
		5FB73B69277BA5370039D27F /* Release */ = {
			isa = XCBuildConfiguration;
			buildSettings = {
				ALWAYS_SEARCH_USER_PATHS = NO;
				CLANG_ANALYZER_NONNULL = YES;
				CLANG_ANALYZER_NUMBER_OBJECT_CONVERSION = YES_AGGRESSIVE;
				CLANG_CXX_LANGUAGE_STANDARD = "gnu++17";
				CLANG_CXX_LIBRARY = "libc++";
				CLANG_ENABLE_MODULES = YES;
				CLANG_ENABLE_OBJC_ARC = YES;
				CLANG_ENABLE_OBJC_WEAK = YES;
				CLANG_WARN_BLOCK_CAPTURE_AUTORELEASING = YES;
				CLANG_WARN_BOOL_CONVERSION = YES;
				CLANG_WARN_COMMA = YES;
				CLANG_WARN_CONSTANT_CONVERSION = YES;
				CLANG_WARN_DEPRECATED_OBJC_IMPLEMENTATIONS = YES;
				CLANG_WARN_DIRECT_OBJC_ISA_USAGE = YES_ERROR;
				CLANG_WARN_DOCUMENTATION_COMMENTS = YES;
				CLANG_WARN_EMPTY_BODY = YES;
				CLANG_WARN_ENUM_CONVERSION = YES;
				CLANG_WARN_INFINITE_RECURSION = YES;
				CLANG_WARN_INT_CONVERSION = YES;
				CLANG_WARN_NON_LITERAL_NULL_CONVERSION = YES;
				CLANG_WARN_OBJC_IMPLICIT_RETAIN_SELF = YES;
				CLANG_WARN_OBJC_LITERAL_CONVERSION = YES;
				CLANG_WARN_OBJC_ROOT_CLASS = YES_ERROR;
				CLANG_WARN_QUOTED_INCLUDE_IN_FRAMEWORK_HEADER = YES;
				CLANG_WARN_RANGE_LOOP_ANALYSIS = YES;
				CLANG_WARN_STRICT_PROTOTYPES = YES;
				CLANG_WARN_SUSPICIOUS_MOVE = YES;
				CLANG_WARN_UNGUARDED_AVAILABILITY = YES_AGGRESSIVE;
				CLANG_WARN_UNREACHABLE_CODE = YES;
				CLANG_WARN__DUPLICATE_METHOD_MATCH = YES;
				COPY_PHASE_STRIP = NO;
				DEBUG_INFORMATION_FORMAT = "dwarf-with-dsym";
				ENABLE_NS_ASSERTIONS = NO;
				ENABLE_STRICT_OBJC_MSGSEND = YES;
				GCC_C_LANGUAGE_STANDARD = gnu11;
				GCC_NO_COMMON_BLOCKS = YES;
				GCC_WARN_64_TO_32_BIT_CONVERSION = YES;
				GCC_WARN_ABOUT_RETURN_TYPE = YES_ERROR;
				GCC_WARN_UNDECLARED_SELECTOR = YES;
				GCC_WARN_UNINITIALIZED_AUTOS = YES_AGGRESSIVE;
				GCC_WARN_UNUSED_FUNCTION = YES;
				GCC_WARN_UNUSED_VARIABLE = YES;
				IPHONEOS_DEPLOYMENT_TARGET = 15.2;
				MTL_ENABLE_DEBUG_INFO = NO;
				MTL_FAST_MATH = YES;
				SDKROOT = iphoneos;
				SWIFT_COMPILATION_MODE = wholemodule;
				SWIFT_OPTIMIZATION_LEVEL = "-O";
				VALIDATE_PRODUCT = YES;
			};
			name = Release;
		};
		5FB73B6B277BA5370039D27F /* Debug */ = {
			isa = XCBuildConfiguration;
			buildSettings = {
				ASSETCATALOG_COMPILER_APPICON_NAME = AppIcon;
				ASSETCATALOG_COMPILER_GLOBAL_ACCENT_COLOR_NAME = AccentColor;
				CODE_SIGN_STYLE = Automatic;
				CURRENT_PROJECT_VERSION = 1;
				DEVELOPMENT_ASSET_PATHS = "\"ToDoAppMongoDB/Preview Content\"";
				DEVELOPMENT_TEAM = C6B54RTAJZ;
				ENABLE_PREVIEWS = YES;
				GENERATE_INFOPLIST_FILE = YES;
				INFOPLIST_KEY_UIApplicationSceneManifest_Generation = YES;
				INFOPLIST_KEY_UIApplicationSupportsIndirectInputEvents = YES;
				INFOPLIST_KEY_UILaunchScreen_Generation = YES;
				INFOPLIST_KEY_UISupportedInterfaceOrientations_iPad = "UIInterfaceOrientationPortrait UIInterfaceOrientationPortraitUpsideDown UIInterfaceOrientationLandscapeLeft UIInterfaceOrientationLandscapeRight";
				INFOPLIST_KEY_UISupportedInterfaceOrientations_iPhone = "UIInterfaceOrientationPortrait UIInterfaceOrientationLandscapeLeft UIInterfaceOrientationLandscapeRight";
				LD_RUNPATH_SEARCH_PATHS = (
					"$(inherited)",
					"@executable_path/Frameworks",
				);
				MARKETING_VERSION = 1.0;
				PRODUCT_BUNDLE_IDENTIFIER = com.Mapp.ToDoAppMongoDB;
				PRODUCT_NAME = "$(TARGET_NAME)";
				SWIFT_EMIT_LOC_STRINGS = YES;
				SWIFT_VERSION = 5.0;
				TARGETED_DEVICE_FAMILY = "1,2";
			};
			name = Debug;
		};
		5FB73B6C277BA5370039D27F /* Release */ = {
			isa = XCBuildConfiguration;
			buildSettings = {
				ASSETCATALOG_COMPILER_APPICON_NAME = AppIcon;
				ASSETCATALOG_COMPILER_GLOBAL_ACCENT_COLOR_NAME = AccentColor;
				CODE_SIGN_STYLE = Automatic;
				CURRENT_PROJECT_VERSION = 1;
				DEVELOPMENT_ASSET_PATHS = "\"ToDoAppMongoDB/Preview Content\"";
				DEVELOPMENT_TEAM = C6B54RTAJZ;
				ENABLE_PREVIEWS = YES;
				GENERATE_INFOPLIST_FILE = YES;
				INFOPLIST_KEY_UIApplicationSceneManifest_Generation = YES;
				INFOPLIST_KEY_UIApplicationSupportsIndirectInputEvents = YES;
				INFOPLIST_KEY_UILaunchScreen_Generation = YES;
				INFOPLIST_KEY_UISupportedInterfaceOrientations_iPad = "UIInterfaceOrientationPortrait UIInterfaceOrientationPortraitUpsideDown UIInterfaceOrientationLandscapeLeft UIInterfaceOrientationLandscapeRight";
				INFOPLIST_KEY_UISupportedInterfaceOrientations_iPhone = "UIInterfaceOrientationPortrait UIInterfaceOrientationLandscapeLeft UIInterfaceOrientationLandscapeRight";
				LD_RUNPATH_SEARCH_PATHS = (
					"$(inherited)",
					"@executable_path/Frameworks",
				);
				MARKETING_VERSION = 1.0;
				PRODUCT_BUNDLE_IDENTIFIER = com.Mapp.ToDoAppMongoDB;
				PRODUCT_NAME = "$(TARGET_NAME)";
				SWIFT_EMIT_LOC_STRINGS = YES;
				SWIFT_VERSION = 5.0;
				TARGETED_DEVICE_FAMILY = "1,2";
			};
			name = Release;
		};
/* End XCBuildConfiguration section */

/* Begin XCConfigurationList section */
		5FB73B57277BA5360039D27F /* Build configuration list for PBXProject "ToDoAppMongoDB" */ = {
			isa = XCConfigurationList;
			buildConfigurations = (
				5FB73B68277BA5370039D27F /* Debug */,
				5FB73B69277BA5370039D27F /* Release */,
			);
			defaultConfigurationIsVisible = 0;
			defaultConfigurationName = Release;
		};
		5FB73B6A277BA5370039D27F /* Build configuration list for PBXNativeTarget "ToDoAppMongoDB" */ = {
			isa = XCConfigurationList;
			buildConfigurations = (
				5FB73B6B277BA5370039D27F /* Debug */,
				5FB73B6C277BA5370039D27F /* Release */,
			);
			defaultConfigurationIsVisible = 0;
			defaultConfigurationName = Release;
		};
/* End XCConfigurationList section */

/* Begin XCRemoteSwiftPackageReference section */
		5FB73B7B277BAC110039D27F /* XCRemoteSwiftPackageReference "realm-cocoa" */ = {
			isa = XCRemoteSwiftPackageReference;
			repositoryURL = "https://github.com/realm/realm-cocoa.git";
			requirement = {
				kind = upToNextMajorVersion;
				minimumVersion = 10.10.0;
			};
		};
/* End XCRemoteSwiftPackageReference section */

/* Begin XCSwiftPackageProductDependency section */
		5FB73B7C277BAC110039D27F /* Realm */ = {
			isa = XCSwiftPackageProductDependency;
			package = 5FB73B7B277BAC110039D27F /* XCRemoteSwiftPackageReference "realm-cocoa" */;
			productName = Realm;
		};
		5FB73B7E277BAC110039D27F /* RealmSwift */ = {
			isa = XCSwiftPackageProductDependency;
			package = 5FB73B7B277BAC110039D27F /* XCRemoteSwiftPackageReference "realm-cocoa" */;
			productName = RealmSwift;
		};
/* End XCSwiftPackageProductDependency section */
	};
	rootObject = 5FB73B54277BA5360039D27F /* Project object */;
}
